// !$*UTF8*$!
{
	archiveVersion = 1;
	classes = {
	};
	objectVersion = 50;
	objects = {

/* Begin PBXBuildFile section */
		A933503327E45A1500E0C161 /* BaiSiApp.swift in Sources */ = {isa = PBXBuildFile; fileRef = A933503227E45A1500E0C161 /* BaiSiApp.swift */; };
		A933503727E45A1700E0C161 /* Assets.xcassets in Resources */ = {isa = PBXBuildFile; fileRef = A933503627E45A1700E0C161 /* Assets.xcassets */; };
		A933503A27E45A1700E0C161 /* Preview Assets.xcassets in Resources */ = {isa = PBXBuildFile; fileRef = A933503927E45A1700E0C161 /* Preview Assets.xcassets */; };
		A9FA8F3627E48C7100B3C4E7 /* RootView.swift in Sources */ = {isa = PBXBuildFile; fileRef = A9FA8F3527E48C7100B3C4E7 /* RootView.swift */; };
		A9FA8F3D27E48DAD00B3C4E7 /* Essence.swift in Sources */ = {isa = PBXBuildFile; fileRef = A9FA8F3C27E48DAD00B3C4E7 /* Essence.swift */; };
		A9FA8F4027E48DBA00B3C4E7 /* New.swift in Sources */ = {isa = PBXBuildFile; fileRef = A9FA8F3F27E48DBA00B3C4E7 /* New.swift */; };
		A9FA8F4327E48DC800B3C4E7 /* FriendTrends.swift in Sources */ = {isa = PBXBuildFile; fileRef = A9FA8F4227E48DC800B3C4E7 /* FriendTrends.swift */; };
		A9FA8F4627E48DD400B3C4E7 /* Me.swift in Sources */ = {isa = PBXBuildFile; fileRef = A9FA8F4527E48DD400B3C4E7 /* Me.swift */; };
/* End PBXBuildFile section */

/* Begin PBXFileReference section */
		A933502F27E45A1500E0C161 /* baisi_swftUI.app */ = {isa = PBXFileReference; explicitFileType = wrapper.application; includeInIndex = 0; path = baisi_swftUI.app; sourceTree = BUILT_PRODUCTS_DIR; };
		A933503227E45A1500E0C161 /* BaiSiApp.swift */ = {isa = PBXFileReference; lastKnownFileType = sourcecode.swift; path = BaiSiApp.swift; sourceTree = "<group>"; };
		A933503627E45A1700E0C161 /* Assets.xcassets */ = {isa = PBXFileReference; lastKnownFileType = folder.assetcatalog; path = Assets.xcassets; sourceTree = "<group>"; };
		A933503927E45A1700E0C161 /* Preview Assets.xcassets */ = {isa = PBXFileReference; lastKnownFileType = folder.assetcatalog; path = "Preview Assets.xcassets"; sourceTree = "<group>"; };
		A933503B27E45A1700E0C161 /* Info.plist */ = {isa = PBXFileReference; lastKnownFileType = text.plist.xml; path = Info.plist; sourceTree = "<group>"; };
		A9FA8F3527E48C7100B3C4E7 /* RootView.swift */ = {isa = PBXFileReference; lastKnownFileType = sourcecode.swift; path = RootView.swift; sourceTree = "<group>"; };
		A9FA8F3C27E48DAD00B3C4E7 /* Essence.swift */ = {isa = PBXFileReference; lastKnownFileType = sourcecode.swift; path = Essence.swift; sourceTree = "<group>"; };
		A9FA8F3F27E48DBA00B3C4E7 /* New.swift */ = {isa = PBXFileReference; lastKnownFileType = sourcecode.swift; path = New.swift; sourceTree = "<group>"; };
		A9FA8F4227E48DC800B3C4E7 /* FriendTrends.swift */ = {isa = PBXFileReference; lastKnownFileType = sourcecode.swift; path = FriendTrends.swift; sourceTree = "<group>"; };
		A9FA8F4527E48DD400B3C4E7 /* Me.swift */ = {isa = PBXFileReference; lastKnownFileType = sourcecode.swift; path = Me.swift; sourceTree = "<group>"; };
/* End PBXFileReference section */

/* Begin PBXFrameworksBuildPhase section */
		A933502C27E45A1500E0C161 /* Frameworks */ = {
			isa = PBXFrameworksBuildPhase;
			buildActionMask = 2147483647;
			files = (
			);
			runOnlyForDeploymentPostprocessing = 0;
		};
/* End PBXFrameworksBuildPhase section */

/* Begin PBXGroup section */
		A933502627E45A1500E0C161 = {
			isa = PBXGroup;
			children = (
				A933503127E45A1500E0C161 /* baisi_swftUI */,
				A933503027E45A1500E0C161 /* Products */,
			);
			sourceTree = "<group>";
		};
		A933503027E45A1500E0C161 /* Products */ = {
			isa = PBXGroup;
			children = (
				A933502F27E45A1500E0C161 /* baisi_swftUI.app */,
			);
			name = Products;
			sourceTree = "<group>";
		};
		A933503127E45A1500E0C161 /* baisi_swftUI */ = {
			isa = PBXGroup;
			children = (
				A933503227E45A1500E0C161 /* BaiSiApp.swift */,
				A9FA8F3027E48C1A00B3C4E7 /* Classes */,
				A9FA8F2F27E48BE700B3C4E7 /* RootView */,
				A933503627E45A1700E0C161 /* Assets.xcassets */,
				A933503B27E45A1700E0C161 /* Info.plist */,
				A933503827E45A1700E0C161 /* Preview Content */,
			);
			path = baisi_swftUI;
			sourceTree = "<group>";
		};
		A933503827E45A1700E0C161 /* Preview Content */ = {
			isa = PBXGroup;
			children = (
				A933503927E45A1700E0C161 /* Preview Assets.xcassets */,
			);
			path = "Preview Content";
			sourceTree = "<group>";
		};
		A9FA8F2F27E48BE700B3C4E7 /* RootView */ = {
			isa = PBXGroup;
			children = (
				A9FA8F3527E48C7100B3C4E7 /* RootView.swift */,
			);
			path = RootView;
			sourceTree = "<group>";
		};
		A9FA8F3027E48C1A00B3C4E7 /* Classes */ = {
			isa = PBXGroup;
			children = (
				A9FA8F3827E48D7400B3C4E7 /* Essence-精华 */,
				A9FA8F3927E48D7F00B3C4E7 /* New-新帖 */,
				A9FA8F3A27E48D8600B3C4E7 /* FriendTrends-关注 */,
				A9FA8F3B27E48D9100B3C4E7 /* Me-我 */,
			);
			path = Classes;
			sourceTree = "<group>";
		};
		A9FA8F3827E48D7400B3C4E7 /* Essence-精华 */ = {
			isa = PBXGroup;
			children = (
				A9FA8F3C27E48DAD00B3C4E7 /* Essence.swift */,
			);
			path = "Essence-精华";
			sourceTree = "<group>";
		};
		A9FA8F3927E48D7F00B3C4E7 /* New-新帖 */ = {
			isa = PBXGroup;
			children = (
				A9FA8F3F27E48DBA00B3C4E7 /* New.swift */,
			);
			path = "New-新帖";
			sourceTree = "<group>";
		};
		A9FA8F3A27E48D8600B3C4E7 /* FriendTrends-关注 */ = {
			isa = PBXGroup;
			children = (
				A9FA8F4227E48DC800B3C4E7 /* FriendTrends.swift */,
			);
			path = "FriendTrends-关注";
			sourceTree = "<group>";
		};
		A9FA8F3B27E48D9100B3C4E7 /* Me-我 */ = {
			isa = PBXGroup;
			children = (
				A9FA8F4527E48DD400B3C4E7 /* Me.swift */,
			);
			path = "Me-我";
			sourceTree = "<group>";
		};
/* End PBXGroup section */

/* Begin PBXNativeTarget section */
		A933502E27E45A1500E0C161 /* baisi_swftUI */ = {
			isa = PBXNativeTarget;
			buildConfigurationList = A933503E27E45A1700E0C161 /* Build configuration list for PBXNativeTarget "baisi_swftUI" */;
			buildPhases = (
				A933502B27E45A1500E0C161 /* Sources */,
				A933502C27E45A1500E0C161 /* Frameworks */,
				A933502D27E45A1500E0C161 /* Resources */,
			);
			buildRules = (
			);
			dependencies = (
			);
			name = baisi_swftUI;
			productName = baisi_swftUI;
			productReference = A933502F27E45A1500E0C161 /* baisi_swftUI.app */;
			productType = "com.apple.product-type.application";
		};
/* End PBXNativeTarget section */

/* Begin PBXProject section */
		A933502727E45A1500E0C161 /* Project object */ = {
			isa = PBXProject;
			attributes = {
				LastSwiftUpdateCheck = 1200;
				LastUpgradeCheck = 1200;
				TargetAttributes = {
					A933502E27E45A1500E0C161 = {
						CreatedOnToolsVersion = 12.0.1;
					};
				};
			};
			buildConfigurationList = A933502A27E45A1500E0C161 /* Build configuration list for PBXProject "baisi_swftUI" */;
			compatibilityVersion = "Xcode 9.3";
			developmentRegion = en;
			hasScannedForEncodings = 0;
			knownRegions = (
				en,
				Base,
			);
			mainGroup = A933502627E45A1500E0C161;
			productRefGroup = A933503027E45A1500E0C161 /* Products */;
			projectDirPath = "";
			projectRoot = "";
			targets = (
				A933502E27E45A1500E0C161 /* baisi_swftUI */,
			);
		};
/* End PBXProject section */

/* Begin PBXResourcesBuildPhase section */
		A933502D27E45A1500E0C161 /* Resources */ = {
			isa = PBXResourcesBuildPhase;
			buildActionMask = 2147483647;
			files = (
				A933503A27E45A1700E0C161 /* Preview Assets.xcassets in Resources */,
				A933503727E45A1700E0C161 /* Assets.xcassets in Resources */,
			);
			runOnlyForDeploymentPostprocessing = 0;
		};
/* End PBXResourcesBuildPhase section */

/* Begin PBXSourcesBuildPhase section */
		A933502B27E45A1500E0C161 /* Sources */ = {
			isa = PBXSourcesBuildPhase;
			buildActionMask = 2147483647;
			files = (
				A9FA8F4327E48DC800B3C4E7 /* FriendTrends.swift in Sources */,
				A9FA8F4027E48DBA00B3C4E7 /* New.swift in Sources */,
				A933503327E45A1500E0C161 /* BaiSiApp.swift in Sources */,
				A9FA8F3D27E48DAD00B3C4E7 /* Essence.swift in Sources */,
				A9FA8F4627E48DD400B3C4E7 /* Me.swift in Sources */,
				A9FA8F3627E48C7100B3C4E7 /* RootView.swift in Sources */,
			);
			runOnlyForDeploymentPostprocessing = 0;
		};
/* End PBXSourcesBuildPhase section */

/* Begin XCBuildConfiguration section */
		A933503C27E45A1700E0C161 /* Debug */ = {
			isa = XCBuildConfiguration;
			buildSettings = {
				ALWAYS_SEARCH_USER_PATHS = NO;
				CLANG_ANALYZER_NONNULL = YES;
				CLANG_ANALYZER_NUMBER_OBJECT_CONVERSION = YES_AGGRESSIVE;
				CLANG_CXX_LANGUAGE_STANDARD = "gnu++14";
				CLANG_CXX_LIBRARY = "libc++";
				CLANG_ENABLE_MODULES = YES;
				CLANG_ENABLE_OBJC_ARC = YES;
				CLANG_ENABLE_OBJC_WEAK = YES;
				CLANG_WARN_BLOCK_CAPTURE_AUTORELEASING = YES;
				CLANG_WARN_BOOL_CONVERSION = YES;
				CLANG_WARN_COMMA = YES;
				CLANG_WARN_CONSTANT_CONVERSION = YES;
				CLANG_WARN_DEPRECATED_OBJC_IMPLEMENTATIONS = YES;
				CLANG_WARN_DIRECT_OBJC_ISA_USAGE = YES_ERROR;
				CLANG_WARN_DOCUMENTATION_COMMENTS = YES;
				CLANG_WARN_EMPTY_BODY = YES;
				CLANG_WARN_ENUM_CONVERSION = YES;
				CLANG_WARN_INFINITE_RECURSION = YES;
				CLANG_WARN_INT_CONVERSION = YES;
				CLANG_WARN_NON_LITERAL_NULL_CONVERSION = YES;
				CLANG_WARN_OBJC_IMPLICIT_RETAIN_SELF = YES;
				CLANG_WARN_OBJC_LITERAL_CONVERSION = YES;
				CLANG_WARN_OBJC_ROOT_CLASS = YES_ERROR;
				CLANG_WARN_QUOTED_INCLUDE_IN_FRAMEWORK_HEADER = YES;
				CLANG_WARN_RANGE_LOOP_ANALYSIS = YES;
				CLANG_WARN_STRICT_PROTOTYPES = YES;
				CLANG_WARN_SUSPICIOUS_MOVE = YES;
				CLANG_WARN_UNGUARDED_AVAILABILITY = YES_AGGRESSIVE;
				CLANG_WARN_UNREACHABLE_CODE = YES;
				CLANG_WARN__DUPLICATE_METHOD_MATCH = YES;
				COPY_PHASE_STRIP = NO;
				DEBUG_INFORMATION_FORMAT = dwarf;
				ENABLE_STRICT_OBJC_MSGSEND = YES;
				ENABLE_TESTABILITY = YES;
				GCC_C_LANGUAGE_STANDARD = gnu11;
				GCC_DYNAMIC_NO_PIC = NO;
				GCC_NO_COMMON_BLOCKS = YES;
				GCC_OPTIMIZATION_LEVEL = 0;
				GCC_PREPROCESSOR_DEFINITIONS = (
					"DEBUG=1",
					"$(inherited)",
				);
				GCC_WARN_64_TO_32_BIT_CONVERSION = YES;
				GCC_WARN_ABOUT_RETURN_TYPE = YES_ERROR;
				GCC_WARN_UNDECLARED_SELECTOR = YES;
				GCC_WARN_UNINITIALIZED_AUTOS = YES_AGGRESSIVE;
				GCC_WARN_UNUSED_FUNCTION = YES;
				GCC_WARN_UNUSED_VARIABLE = YES;
				IPHONEOS_DEPLOYMENT_TARGET = 14.0;
				MTL_ENABLE_DEBUG_INFO = INCLUDE_SOURCE;
				MTL_FAST_MATH = YES;
				ONLY_ACTIVE_ARCH = YES;
				SDKROOT = iphoneos;
				SWIFT_ACTIVE_COMPILATION_CONDITIONS = DEBUG;
				SWIFT_OPTIMIZATION_LEVEL = "-Onone";
			};
			name = Debug;
		};
		A933503D27E45A1700E0C161 /* Release */ = {
			isa = XCBuildConfiguration;
			buildSettings = {
				ALWAYS_SEARCH_USER_PATHS = NO;
				CLANG_ANALYZER_NONNULL = YES;
				CLANG_ANALYZER_NUMBER_OBJECT_CONVERSION = YES_AGGRESSIVE;
				CLANG_CXX_LANGUAGE_STANDARD = "gnu++14";
				CLANG_CXX_LIBRARY = "libc++";
				CLANG_ENABLE_MODULES = YES;
				CLANG_ENABLE_OBJC_ARC = YES;
				CLANG_ENABLE_OBJC_WEAK = YES;
				CLANG_WARN_BLOCK_CAPTURE_AUTORELEASING = YES;
				CLANG_WARN_BOOL_CONVERSION = YES;
				CLANG_WARN_COMMA = YES;
				CLANG_WARN_CONSTANT_CONVERSION = YES;
				CLANG_WARN_DEPRECATED_OBJC_IMPLEMENTATIONS = YES;
				CLANG_WARN_DIRECT_OBJC_ISA_USAGE = YES_ERROR;
				CLANG_WARN_DOCUMENTATION_COMMENTS = YES;
				CLANG_WARN_EMPTY_BODY = YES;
				CLANG_WARN_ENUM_CONVERSION = YES;
				CLANG_WARN_INFINITE_RECURSION = YES;
				CLANG_WARN_INT_CONVERSION = YES;
				CLANG_WARN_NON_LITERAL_NULL_CONVERSION = YES;
				CLANG_WARN_OBJC_IMPLICIT_RETAIN_SELF = YES;
				CLANG_WARN_OBJC_LITERAL_CONVERSION = YES;
				CLANG_WARN_OBJC_ROOT_CLASS = YES_ERROR;
				CLANG_WARN_QUOTED_INCLUDE_IN_FRAMEWORK_HEADER = YES;
				CLANG_WARN_RANGE_LOOP_ANALYSIS = YES;
				CLANG_WARN_STRICT_PROTOTYPES = YES;
				CLANG_WARN_SUSPICIOUS_MOVE = YES;
				CLANG_WARN_UNGUARDED_AVAILABILITY = YES_AGGRESSIVE;
				CLANG_WARN_UNREACHABLE_CODE = YES;
				CLANG_WARN__DUPLICATE_METHOD_MATCH = YES;
				COPY_PHASE_STRIP = NO;
				DEBUG_INFORMATION_FORMAT = "dwarf-with-dsym";
				ENABLE_NS_ASSERTIONS = NO;
				ENABLE_STRICT_OBJC_MSGSEND = YES;
				GCC_C_LANGUAGE_STANDARD = gnu11;
				GCC_NO_COMMON_BLOCKS = YES;
				GCC_WARN_64_TO_32_BIT_CONVERSION = YES;
				GCC_WARN_ABOUT_RETURN_TYPE = YES_ERROR;
				GCC_WARN_UNDECLARED_SELECTOR = YES;
				GCC_WARN_UNINITIALIZED_AUTOS = YES_AGGRESSIVE;
				GCC_WARN_UNUSED_FUNCTION = YES;
				GCC_WARN_UNUSED_VARIABLE = YES;
				IPHONEOS_DEPLOYMENT_TARGET = 14.0;
				MTL_ENABLE_DEBUG_INFO = NO;
				MTL_FAST_MATH = YES;
				SDKROOT = iphoneos;
				SWIFT_COMPILATION_MODE = wholemodule;
				SWIFT_OPTIMIZATION_LEVEL = "-O";
				VALIDATE_PRODUCT = YES;
			};
			name = Release;
		};
		A933503F27E45A1700E0C161 /* Debug */ = {
			isa = XCBuildConfiguration;
			buildSettings = {
				ASSETCATALOG_COMPILER_APPICON_NAME = AppIcon;
				ASSETCATALOG_COMPILER_GLOBAL_ACCENT_COLOR_NAME = AccentColor;
				CODE_SIGN_STYLE = Automatic;
				DEVELOPMENT_ASSET_PATHS = "\"baisi_swftUI/Preview Content\"";
				DEVELOPMENT_TEAM = 95H328F6T7;
				ENABLE_PREVIEWS = YES;
				INFOPLIST_FILE = baisi_swftUI/Info.plist;
				IPHONEOS_DEPLOYMENT_TARGET = 14.0;
				LD_RUNPATH_SEARCH_PATHS = (
					"$(inherited)",
					"@executable_path/Frameworks",
				);
				PRODUCT_BUNDLE_IDENTIFIER = "jie.huang.baisi-swftUI";
				PRODUCT_NAME = "$(TARGET_NAME)";
				SWIFT_VERSION = 5.0;
				TARGETED_DEVICE_FAMILY = "1,2";
			};
			name = Debug;
		};
		A933504027E45A1700E0C161 /* Release */ = {
			isa = XCBuildConfiguration;
			buildSettings = {
				ASSETCATALOG_COMPILER_APPICON_NAME = AppIcon;
				ASSETCATALOG_COMPILER_GLOBAL_ACCENT_COLOR_NAME = AccentColor;
				CODE_SIGN_STYLE = Automatic;
				DEVELOPMENT_ASSET_PATHS = "\"baisi_swftUI/Preview Content\"";
				DEVELOPMENT_TEAM = 95H328F6T7;
				ENABLE_PREVIEWS = YES;
				INFOPLIST_FILE = baisi_swftUI/Info.plist;
				IPHONEOS_DEPLOYMENT_TARGET = 14.0;
				LD_RUNPATH_SEARCH_PATHS = (
					"$(inherited)",
					"@executable_path/Frameworks",
				);
				PRODUCT_BUNDLE_IDENTIFIER = "jie.huang.baisi-swftUI";
				PRODUCT_NAME = "$(TARGET_NAME)";
				SWIFT_VERSION = 5.0;
				TARGETED_DEVICE_FAMILY = "1,2";
			};
			name = Release;
		};
/* End XCBuildConfiguration section */

/* Begin XCConfigurationList section */
		A933502A27E45A1500E0C161 /* Build configuration list for PBXProject "baisi_swftUI" */ = {
			isa = XCConfigurationList;
			buildConfigurations = (
				A933503C27E45A1700E0C161 /* Debug */,
				A933503D27E45A1700E0C161 /* Release */,
			);
			defaultConfigurationIsVisible = 0;
			defaultConfigurationName = Release;
		};
		A933503E27E45A1700E0C161 /* Build configuration list for PBXNativeTarget "baisi_swftUI" */ = {
			isa = XCConfigurationList;
			buildConfigurations = (
				A933503F27E45A1700E0C161 /* Debug */,
				A933504027E45A1700E0C161 /* Release */,
			);
			defaultConfigurationIsVisible = 0;
			defaultConfigurationName = Release;
		};
/* End XCConfigurationList section */
	};
	rootObject = A933502727E45A1500E0C161 /* Project object */;
}
